// !$*UTF8*$!
{
	archiveVersion = 1;
	classes = {
	};
	objectVersion = 46;
	objects = {

/* Begin PBXBuildFile section */
		665AA07F1AEA5BEB00ADDD36 /* main.m in Sources */ = {isa = PBXBuildFile; fileRef = 665AA07E1AEA5BEB00ADDD36 /* main.m */; };
		665AA0821AEA5BEB00ADDD36 /* AppDelegate.m in Sources */ = {isa = PBXBuildFile; fileRef = 665AA0811AEA5BEB00ADDD36 /* AppDelegate.m */; };
		665AA0851AEA5BEB00ADDD36 /* ViewController.m in Sources */ = {isa = PBXBuildFile; fileRef = 665AA0841AEA5BEB00ADDD36 /* ViewController.m */; };
		665AA0881AEA5BEB00ADDD36 /* Main.storyboard in Resources */ = {isa = PBXBuildFile; fileRef = 665AA0861AEA5BEB00ADDD36 /* Main.storyboard */; };
		665AA08A1AEA5BEB00ADDD36 /* Images.xcassets in Resources */ = {isa = PBXBuildFile; fileRef = 665AA0891AEA5BEB00ADDD36 /* Images.xcassets */; };
		665AA08D1AEA5BEB00ADDD36 /* LaunchScreen.xib in Resources */ = {isa = PBXBuildFile; fileRef = 665AA08B1AEA5BEB00ADDD36 /* LaunchScreen.xib */; };
		665AA0991AEA5BEC00ADDD36 /* AlbumTestTests.m in Sources */ = {isa = PBXBuildFile; fileRef = 665AA0981AEA5BEC00ADDD36 /* AlbumTestTests.m */; };
		665AA0A41AEA608300ADDD36 /* CloudDiskFileHandle.m in Sources */ = {isa = PBXBuildFile; fileRef = 665AA0A31AEA608300ADDD36 /* CloudDiskFileHandle.m */; };
		66E1F2F91AECE0DE004143D5 /* CloudAssetFileHandle.m in Sources */ = {isa = PBXBuildFile; fileRef = 66E1F2F61AECE0DE004143D5 /* CloudAssetFileHandle.m */; };
		66E1F2FA1AECE0DE004143D5 /* CloudLocalFileHandle.m in Sources */ = {isa = PBXBuildFile; fileRef = 66E1F2F81AECE0DE004143D5 /* CloudLocalFileHandle.m */; };
/* End PBXBuildFile section */

/* Begin PBXContainerItemProxy section */
		665AA0931AEA5BEC00ADDD36 /* PBXContainerItemProxy */ = {
			isa = PBXContainerItemProxy;
			containerPortal = 665AA0711AEA5BEB00ADDD36 /* Project object */;
			proxyType = 1;
			remoteGlobalIDString = 665AA0781AEA5BEB00ADDD36;
			remoteInfo = AlbumTest;
		};
/* End PBXContainerItemProxy section */

/* Begin PBXFileReference section */
		665AA0791AEA5BEB00ADDD36 /* AlbumTest.app */ = {isa = PBXFileReference; explicitFileType = wrapper.application; includeInIndex = 0; path = AlbumTest.app; sourceTree = BUILT_PRODUCTS_DIR; };
		665AA07D1AEA5BEB00ADDD36 /* Info.plist */ = {isa = PBXFileReference; lastKnownFileType = text.plist.xml; path = Info.plist; sourceTree = "<group>"; };
		665AA07E1AEA5BEB00ADDD36 /* main.m */ = {isa = PBXFileReference; lastKnownFileType = sourcecode.c.objc; path = main.m; sourceTree = "<group>"; };
		665AA0801AEA5BEB00ADDD36 /* AppDelegate.h */ = {isa = PBXFileReference; lastKnownFileType = sourcecode.c.h; path = AppDelegate.h; sourceTree = "<group>"; };
		665AA0811AEA5BEB00ADDD36 /* AppDelegate.m */ = {isa = PBXFileReference; lastKnownFileType = sourcecode.c.objc; path = AppDelegate.m; sourceTree = "<group>"; };
		665AA0831AEA5BEB00ADDD36 /* ViewController.h */ = {isa = PBXFileReference; lastKnownFileType = sourcecode.c.h; path = ViewController.h; sourceTree = "<group>"; };
		665AA0841AEA5BEB00ADDD36 /* ViewController.m */ = {isa = PBXFileReference; lastKnownFileType = sourcecode.c.objc; path = ViewController.m; sourceTree = "<group>"; };
		665AA0871AEA5BEB00ADDD36 /* Base */ = {isa = PBXFileReference; lastKnownFileType = file.storyboard; name = Base; path = Base.lproj/Main.storyboard; sourceTree = "<group>"; };
		665AA0891AEA5BEB00ADDD36 /* Images.xcassets */ = {isa = PBXFileReference; lastKnownFileType = folder.assetcatalog; path = Images.xcassets; sourceTree = "<group>"; };
		665AA08C1AEA5BEB00ADDD36 /* Base */ = {isa = PBXFileReference; lastKnownFileType = file.xib; name = Base; path = Base.lproj/LaunchScreen.xib; sourceTree = "<group>"; };
		665AA0921AEA5BEC00ADDD36 /* AlbumTestTests.xctest */ = {isa = PBXFileReference; explicitFileType = wrapper.cfbundle; includeInIndex = 0; path = AlbumTestTests.xctest; sourceTree = BUILT_PRODUCTS_DIR; };
		665AA0971AEA5BEC00ADDD36 /* Info.plist */ = {isa = PBXFileReference; lastKnownFileType = text.plist.xml; path = Info.plist; sourceTree = "<group>"; };
		665AA0981AEA5BEC00ADDD36 /* AlbumTestTests.m */ = {isa = PBXFileReference; lastKnownFileType = sourcecode.c.objc; path = AlbumTestTests.m; sourceTree = "<group>"; };
		665AA0A21AEA608300ADDD36 /* CloudDiskFileHandle.h */ = {isa = PBXFileReference; fileEncoding = 4; lastKnownFileType = sourcecode.c.h; path = CloudDiskFileHandle.h; sourceTree = "<group>"; };
		665AA0A31AEA608300ADDD36 /* CloudDiskFileHandle.m */ = {isa = PBXFileReference; fileEncoding = 4; lastKnownFileType = sourcecode.c.objc; path = CloudDiskFileHandle.m; sourceTree = "<group>"; };
		66E1F2F51AECE0DE004143D5 /* CloudAssetFileHandle.h */ = {isa = PBXFileReference; fileEncoding = 4; lastKnownFileType = sourcecode.c.h; path = CloudAssetFileHandle.h; sourceTree = "<group>"; };
		66E1F2F61AECE0DE004143D5 /* CloudAssetFileHandle.m */ = {isa = PBXFileReference; fileEncoding = 4; lastKnownFileType = sourcecode.c.objc; path = CloudAssetFileHandle.m; sourceTree = "<group>"; };
		66E1F2F71AECE0DE004143D5 /* CloudLocalFileHandle.h */ = {isa = PBXFileReference; fileEncoding = 4; lastKnownFileType = sourcecode.c.h; path = CloudLocalFileHandle.h; sourceTree = "<group>"; };
		66E1F2F81AECE0DE004143D5 /* CloudLocalFileHandle.m */ = {isa = PBXFileReference; fileEncoding = 4; lastKnownFileType = sourcecode.c.objc; path = CloudLocalFileHandle.m; sourceTree = "<group>"; };
/* End PBXFileReference section */

/* Begin PBXFrameworksBuildPhase section */
		665AA0761AEA5BEB00ADDD36 /* Frameworks */ = {
			isa = PBXFrameworksBuildPhase;
			buildActionMask = 2147483647;
			files = (
			);
			runOnlyForDeploymentPostprocessing = 0;
		};
		665AA08F1AEA5BEC00ADDD36 /* Frameworks */ = {
			isa = PBXFrameworksBuildPhase;
			buildActionMask = 2147483647;
			files = (
			);
			runOnlyForDeploymentPostprocessing = 0;
		};
/* End PBXFrameworksBuildPhase section */

/* Begin PBXGroup section */
		665AA0701AEA5BEB00ADDD36 = {
			isa = PBXGroup;
			children = (
				665AA07B1AEA5BEB00ADDD36 /* AlbumTest */,
				665AA0951AEA5BEC00ADDD36 /* AlbumTestTests */,
				665AA07A1AEA5BEB00ADDD36 /* Products */,
			);
			sourceTree = "<group>";
		};
		665AA07A1AEA5BEB00ADDD36 /* Products */ = {
			isa = PBXGroup;
			children = (
				665AA0791AEA5BEB00ADDD36 /* AlbumTest.app */,
				665AA0921AEA5BEC00ADDD36 /* AlbumTestTests.xctest */,
			);
			name = Products;
			sourceTree = "<group>";
		};
		665AA07B1AEA5BEB00ADDD36 /* AlbumTest */ = {
			isa = PBXGroup;
			children = (
				66E1F2F51AECE0DE004143D5 /* CloudAssetFileHandle.h */,
				66E1F2F61AECE0DE004143D5 /* CloudAssetFileHandle.m */,
				66E1F2F71AECE0DE004143D5 /* CloudLocalFileHandle.h */,
				66E1F2F81AECE0DE004143D5 /* CloudLocalFileHandle.m */,
				665AA0A21AEA608300ADDD36 /* CloudDiskFileHandle.h */,
				665AA0A31AEA608300ADDD36 /* CloudDiskFileHandle.m */,
				665AA0801AEA5BEB00ADDD36 /* AppDelegate.h */,
				665AA0811AEA5BEB00ADDD36 /* AppDelegate.m */,
				665AA0831AEA5BEB00ADDD36 /* ViewController.h */,
				665AA0841AEA5BEB00ADDD36 /* ViewController.m */,
				665AA0861AEA5BEB00ADDD36 /* Main.storyboard */,
				665AA0891AEA5BEB00ADDD36 /* Images.xcassets */,
				665AA08B1AEA5BEB00ADDD36 /* LaunchScreen.xib */,
				665AA07C1AEA5BEB00ADDD36 /* Supporting Files */,
			);
			path = AlbumTest;
			sourceTree = "<group>";
		};
		665AA07C1AEA5BEB00ADDD36 /* Supporting Files */ = {
			isa = PBXGroup;
			children = (
				665AA07D1AEA5BEB00ADDD36 /* Info.plist */,
				665AA07E1AEA5BEB00ADDD36 /* main.m */,
			);
			name = "Supporting Files";
			sourceTree = "<group>";
		};
		665AA0951AEA5BEC00ADDD36 /* AlbumTestTests */ = {
			isa = PBXGroup;
			children = (
				665AA0981AEA5BEC00ADDD36 /* AlbumTestTests.m */,
				665AA0961AEA5BEC00ADDD36 /* Supporting Files */,
			);
			path = AlbumTestTests;
			sourceTree = "<group>";
		};
		665AA0961AEA5BEC00ADDD36 /* Supporting Files */ = {
			isa = PBXGroup;
			children = (
				665AA0971AEA5BEC00ADDD36 /* Info.plist */,
			);
			name = "Supporting Files";
			sourceTree = "<group>";
		};
/* End PBXGroup section */

/* Begin PBXNativeTarget section */
		665AA0781AEA5BEB00ADDD36 /* AlbumTest */ = {
			isa = PBXNativeTarget;
			buildConfigurationList = 665AA09C1AEA5BEC00ADDD36 /* Build configuration list for PBXNativeTarget "AlbumTest" */;
			buildPhases = (
				665AA0751AEA5BEB00ADDD36 /* Sources */,
				665AA0761AEA5BEB00ADDD36 /* Frameworks */,
				665AA0771AEA5BEB00ADDD36 /* Resources */,
			);
			buildRules = (
			);
			dependencies = (
			);
			name = AlbumTest;
			productName = AlbumTest;
			productReference = 665AA0791AEA5BEB00ADDD36 /* AlbumTest.app */;
			productType = "com.apple.product-type.application";
		};
		665AA0911AEA5BEC00ADDD36 /* AlbumTestTests */ = {
			isa = PBXNativeTarget;
			buildConfigurationList = 665AA09F1AEA5BEC00ADDD36 /* Build configuration list for PBXNativeTarget "AlbumTestTests" */;
			buildPhases = (
				665AA08E1AEA5BEC00ADDD36 /* Sources */,
				665AA08F1AEA5BEC00ADDD36 /* Frameworks */,
				665AA0901AEA5BEC00ADDD36 /* Resources */,
			);
			buildRules = (
			);
			dependencies = (
				665AA0941AEA5BEC00ADDD36 /* PBXTargetDependency */,
			);
			name = AlbumTestTests;
			productName = AlbumTestTests;
			productReference = 665AA0921AEA5BEC00ADDD36 /* AlbumTestTests.xctest */;
			productType = "com.apple.product-type.bundle.unit-test";
		};
/* End PBXNativeTarget section */

/* Begin PBXProject section */
		665AA0711AEA5BEB00ADDD36 /* Project object */ = {
			isa = PBXProject;
			attributes = {
				LastUpgradeCheck = 0630;
				ORGANIZATIONNAME = chrisfnxu;
				TargetAttributes = {
					665AA0781AEA5BEB00ADDD36 = {
						CreatedOnToolsVersion = 6.3;
					};
					665AA0911AEA5BEC00ADDD36 = {
						CreatedOnToolsVersion = 6.3;
						TestTargetID = 665AA0781AEA5BEB00ADDD36;
					};
				};
			};
			buildConfigurationList = 665AA0741AEA5BEB00ADDD36 /* Build configuration list for PBXProject "AlbumTest" */;
			compatibilityVersion = "Xcode 3.2";
			developmentRegion = English;
			hasScannedForEncodings = 0;
			knownRegions = (
				en,
				Base,
			);
			mainGroup = 665AA0701AEA5BEB00ADDD36;
			productRefGroup = 665AA07A1AEA5BEB00ADDD36 /* Products */;
			projectDirPath = "";
			projectRoot = "";
			targets = (
				665AA0781AEA5BEB00ADDD36 /* AlbumTest */,
				665AA0911AEA5BEC00ADDD36 /* AlbumTestTests */,
			);
		};
/* End PBXProject section */

/* Begin PBXResourcesBuildPhase section */
		665AA0771AEA5BEB00ADDD36 /* Resources */ = {
			isa = PBXResourcesBuildPhase;
			buildActionMask = 2147483647;
			files = (
				665AA0881AEA5BEB00ADDD36 /* Main.storyboard in Resources */,
				665AA08D1AEA5BEB00ADDD36 /* LaunchScreen.xib in Resources */,
				665AA08A1AEA5BEB00ADDD36 /* Images.xcassets in Resources */,
			);
			runOnlyForDeploymentPostprocessing = 0;
		};
		665AA0901AEA5BEC00ADDD36 /* Resources */ = {
			isa = PBXResourcesBuildPhase;
			buildActionMask = 2147483647;
			files = (
			);
			runOnlyForDeploymentPostprocessing = 0;
		};
/* End PBXResourcesBuildPhase section */

/* Begin PBXSourcesBuildPhase section */
		665AA0751AEA5BEB00ADDD36 /* Sources */ = {
			isa = PBXSourcesBuildPhase;
			buildActionMask = 2147483647;
			files = (
				665AA0851AEA5BEB00ADDD36 /* ViewController.m in Sources */,
				66E1F2FA1AECE0DE004143D5 /* CloudLocalFileHandle.m in Sources */,
				665AA0821AEA5BEB00ADDD36 /* AppDelegate.m in Sources */,
				66E1F2F91AECE0DE004143D5 /* CloudAssetFileHandle.m in Sources */,
				665AA0A41AEA608300ADDD36 /* CloudDiskFileHandle.m in Sources */,
				665AA07F1AEA5BEB00ADDD36 /* main.m in Sources */,
			);
			runOnlyForDeploymentPostprocessing = 0;
		};
		665AA08E1AEA5BEC00ADDD36 /* Sources */ = {
			isa = PBXSourcesBuildPhase;
			buildActionMask = 2147483647;
			files = (
				665AA0991AEA5BEC00ADDD36 /* AlbumTestTests.m in Sources */,
			);
			runOnlyForDeploymentPostprocessing = 0;
		};
/* End PBXSourcesBuildPhase section */

/* Begin PBXTargetDependency section */
		665AA0941AEA5BEC00ADDD36 /* PBXTargetDependency */ = {
			isa = PBXTargetDependency;
			target = 665AA0781AEA5BEB00ADDD36 /* AlbumTest */;
			targetProxy = 665AA0931AEA5BEC00ADDD36 /* PBXContainerItemProxy */;
		};
/* End PBXTargetDependency section */

/* Begin PBXVariantGroup section */
		665AA0861AEA5BEB00ADDD36 /* Main.storyboard */ = {
			isa = PBXVariantGroup;
			children = (
				665AA0871AEA5BEB00ADDD36 /* Base */,
			);
			name = Main.storyboard;
			sourceTree = "<group>";
		};
		665AA08B1AEA5BEB00ADDD36 /* LaunchScreen.xib */ = {
			isa = PBXVariantGroup;
			children = (
				665AA08C1AEA5BEB00ADDD36 /* Base */,
			);
			name = LaunchScreen.xib;
			sourceTree = "<group>";
		};
/* End PBXVariantGroup section */

/* Begin XCBuildConfiguration section */
		665AA09A1AEA5BEC00ADDD36 /* Debug */ = {
			isa = XCBuildConfiguration;
			buildSettings = {
				ALWAYS_SEARCH_USER_PATHS = NO;
				CLANG_CXX_LANGUAGE_STANDARD = "gnu++0x";
				CLANG_CXX_LIBRARY = "libc++";
				CLANG_ENABLE_MODULES = YES;
				CLANG_ENABLE_OBJC_ARC = YES;
				CLANG_WARN_BOOL_CONVERSION = YES;
				CLANG_WARN_CONSTANT_CONVERSION = YES;
				CLANG_WARN_DIRECT_OBJC_ISA_USAGE = YES_ERROR;
				CLANG_WARN_EMPTY_BODY = YES;
				CLANG_WARN_ENUM_CONVERSION = YES;
				CLANG_WARN_INT_CONVERSION = YES;
				CLANG_WARN_OBJC_ROOT_CLASS = YES_ERROR;
				CLANG_WARN_UNREACHABLE_CODE = YES;
				CLANG_WARN__DUPLICATE_METHOD_MATCH = YES;
				"CODE_SIGN_IDENTITY[sdk=iphoneos*]" = "iPhone Developer";
				COPY_PHASE_STRIP = NO;
				DEBUG_INFORMATION_FORMAT = "dwarf-with-dsym";
				ENABLE_STRICT_OBJC_MSGSEND = YES;
				GCC_C_LANGUAGE_STANDARD = gnu99;
				GCC_DYNAMIC_NO_PIC = NO;
				GCC_NO_COMMON_BLOCKS = YES;
				GCC_OPTIMIZATION_LEVEL = 0;
				GCC_PREPROCESSOR_DEFINITIONS = (
					"DEBUG=1",
					"$(inherited)",
				);
				GCC_SYMBOLS_PRIVATE_EXTERN = NO;
				GCC_WARN_64_TO_32_BIT_CONVERSION = YES;
				GCC_WARN_ABOUT_RETURN_TYPE = YES_ERROR;
				GCC_WARN_UNDECLARED_SELECTOR = YES;
				GCC_WARN_UNINITIALIZED_AUTOS = YES_AGGRESSIVE;
				GCC_WARN_UNUSED_FUNCTION = YES;
				GCC_WARN_UNUSED_VARIABLE = YES;
				IPHONEOS_DEPLOYMENT_TARGET = 8.3;
				MTL_ENABLE_DEBUG_INFO = YES;
				ONLY_ACTIVE_ARCH = YES;
				SDKROOT = iphoneos;
			};
			name = Debug;
		};
		665AA09B1AEA5BEC00ADDD36 /* Release */ = {
			isa = XCBuildConfiguration;
			buildSettings = {
				ALWAYS_SEARCH_USER_PATHS = NO;
				CLANG_CXX_LANGUAGE_STANDARD = "gnu++0x";
				CLANG_CXX_LIBRARY = "libc++";
				CLANG_ENABLE_MODULES = YES;
				CLANG_ENABLE_OBJC_ARC = YES;
				CLANG_WARN_BOOL_CONVERSION = YES;
				CLANG_WARN_CONSTANT_CONVERSION = YES;
				CLANG_WARN_DIRECT_OBJC_ISA_USAGE = YES_ERROR;
				CLANG_WARN_EMPTY_BODY = YES;
				CLANG_WARN_ENUM_CONVERSION = YES;
				CLANG_WARN_INT_CONVERSION = YES;
				CLANG_WARN_OBJC_ROOT_CLASS = YES_ERROR;
				CLANG_WARN_UNREACHABLE_CODE = YES;
				CLANG_WARN__DUPLICATE_METHOD_MATCH = YES;
				"CODE_SIGN_IDENTITY[sdk=iphoneos*]" = "iPhone Developer";
				COPY_PHASE_STRIP = NO;
				DEBUG_INFORMATION_FORMAT = "dwarf-with-dsym";
				ENABLE_NS_ASSERTIONS = NO;
				ENABLE_STRICT_OBJC_MSGSEND = YES;
				GCC_C_LANGUAGE_STANDARD = gnu99;
				GCC_NO_COMMON_BLOCKS = YES;
				GCC_WARN_64_TO_32_BIT_CONVERSION = YES;
				GCC_WARN_ABOUT_RETURN_TYPE = YES_ERROR;
				GCC_WARN_UNDECLARED_SELECTOR = YES;
				GCC_WARN_UNINITIALIZED_AUTOS = YES_AGGRESSIVE;
				GCC_WARN_UNUSED_FUNCTION = YES;
				GCC_WARN_UNUSED_VARIABLE = YES;
				IPHONEOS_DEPLOYMENT_TARGET = 8.3;
				MTL_ENABLE_DEBUG_INFO = NO;
				SDKROOT = iphoneos;
				VALIDATE_PRODUCT = YES;
			};
			name = Release;
		};
		665AA09D1AEA5BEC00ADDD36 /* Debug */ = {
			isa = XCBuildConfiguration;
			buildSettings = {
				ASSETCATALOG_COMPILER_APPICON_NAME = AppIcon;
				CLANG_ENABLE_OBJC_ARC = YES;
				INFOPLIST_FILE = AlbumTest/Info.plist;
				IPHONEOS_DEPLOYMENT_TARGET = 7.0;
				LD_RUNPATH_SEARCH_PATHS = "$(inherited) @executable_path/Frameworks";
				PRODUCT_NAME = "$(TARGET_NAME)";
			};
			name = Debug;
		};
		665AA09E1AEA5BEC00ADDD36 /* Release */ = {
			isa = XCBuildConfiguration;
			buildSettings = {
				ASSETCATALOG_COMPILER_APPICON_NAME = AppIcon;
				CLANG_ENABLE_OBJC_ARC = YES;
				INFOPLIST_FILE = AlbumTest/Info.plist;
				IPHONEOS_DEPLOYMENT_TARGET = 7.0;
				LD_RUNPATH_SEARCH_PATHS = "$(inherited) @executable_path/Frameworks";
				PRODUCT_NAME = "$(TARGET_NAME)";
			};
			name = Release;
		};
		665AA0A01AEA5BEC00ADDD36 /* Debug */ = {
			isa = XCBuildConfiguration;
			buildSettings = {
				BUNDLE_LOADER = "$(TEST_HOST)";
				FRAMEWORK_SEARCH_PATHS = (
					"$(SDKROOT)/Developer/Library/Frameworks",
					"$(inherited)",
				);
				GCC_PREPROCESSOR_DEFINITIONS = (
					"DEBUG=1",
					"$(inherited)",
				);
				INFOPLIST_FILE = AlbumTestTests/Info.plist;
				LD_RUNPATH_SEARCH_PATHS = "$(inherited) @executable_path/Frameworks @loader_path/Frameworks";
				PRODUCT_NAME = "$(TARGET_NAME)";
				TEST_HOST = "$(BUILT_PRODUCTS_DIR)/AlbumTest.app/AlbumTest";
			};
			name = Debug;
		};
		665AA0A11AEA5BEC00ADDD36 /* Release */ = {
			isa = XCBuildConfiguration;
			buildSettings = {
				BUNDLE_LOADER = "$(TEST_HOST)";
				FRAMEWORK_SEARCH_PATHS = (
					"$(SDKROOT)/Developer/Library/Frameworks",
					"$(inherited)",
				);
				INFOPLIST_FILE = AlbumTestTests/Info.plist;
				LD_RUNPATH_SEARCH_PATHS = "$(inherited) @executable_path/Frameworks @loader_path/Frameworks";
				PRODUCT_NAME = "$(TARGET_NAME)";
				TEST_HOST = "$(BUILT_PRODUCTS_DIR)/AlbumTest.app/AlbumTest";
			};
			name = Release;
		};
/* End XCBuildConfiguration section */

/* Begin XCConfigurationList section */
		665AA0741AEA5BEB00ADDD36 /* Build configuration list for PBXProject "AlbumTest" */ = {
			isa = XCConfigurationList;
			buildConfigurations = (
				665AA09A1AEA5BEC00ADDD36 /* Debug */,
				665AA09B1AEA5BEC00ADDD36 /* Release */,
			);
			defaultConfigurationIsVisible = 0;
			defaultConfigurationName = Release;
		};
		665AA09C1AEA5BEC00ADDD36 /* Build configuration list for PBXNativeTarget "AlbumTest" */ = {
			isa = XCConfigurationList;
			buildConfigurations = (
				665AA09D1AEA5BEC00ADDD36 /* Debug */,
				665AA09E1AEA5BEC00ADDD36 /* Release */,
			);
			defaultConfigurationIsVisible = 0;
			defaultConfigurationName = Release;
		};
		665AA09F1AEA5BEC00ADDD36 /* Build configuration list for PBXNativeTarget "AlbumTestTests" */ = {
			isa = XCConfigurationList;
			buildConfigurations = (
				665AA0A01AEA5BEC00ADDD36 /* Debug */,
				665AA0A11AEA5BEC00ADDD36 /* Release */,
			);
			defaultConfigurationIsVisible = 0;
			defaultConfigurationName = Release;
		};
/* End XCConfigurationList section */
	};
	rootObject = 665AA0711AEA5BEB00ADDD36 /* Project object */;
}
