// !$*UTF8*$!
{
	archiveVersion = 1;
	classes = {
	};
	objectVersion = 46;
	objects = {

/* Begin PBXBuildFile section */
		66F718461B40F906002A2FDF /* main.m in Sources */ = {isa = PBXBuildFile; fileRef = 66F718451B40F906002A2FDF /* main.m */; };
		66F718491B40F906002A2FDF /* AppDelegate.m in Sources */ = {isa = PBXBuildFile; fileRef = 66F718481B40F906002A2FDF /* AppDelegate.m */; };
		66F7184C1B40F906002A2FDF /* ViewController.m in Sources */ = {isa = PBXBuildFile; fileRef = 66F7184B1B40F906002A2FDF /* ViewController.m */; };
		66F7184F1B40F906002A2FDF /* Main.storyboard in Resources */ = {isa = PBXBuildFile; fileRef = 66F7184D1B40F906002A2FDF /* Main.storyboard */; };
		66F718511B40F906002A2FDF /* Images.xcassets in Resources */ = {isa = PBXBuildFile; fileRef = 66F718501B40F906002A2FDF /* Images.xcassets */; };
		66F718541B40F906002A2FDF /* LaunchScreen.xib in Resources */ = {isa = PBXBuildFile; fileRef = 66F718521B40F906002A2FDF /* LaunchScreen.xib */; };
		66F718601B40F906002A2FDF /* testObjcRetainCrashTests.m in Sources */ = {isa = PBXBuildFile; fileRef = 66F7185F1B40F906002A2FDF /* testObjcRetainCrashTests.m */; };
		66F7186B1B40F927002A2FDF /* MenuItem.m in Sources */ = {isa = PBXBuildFile; fileRef = 66F7186A1B40F927002A2FDF /* MenuItem.m */; };
		66F7186E1B40F963002A2FDF /* Widget.m in Sources */ = {isa = PBXBuildFile; fileRef = 66F7186D1B40F963002A2FDF /* Widget.m */; };
/* End PBXBuildFile section */

/* Begin PBXContainerItemProxy section */
		66F7185A1B40F906002A2FDF /* PBXContainerItemProxy */ = {
			isa = PBXContainerItemProxy;
			containerPortal = 66F718381B40F906002A2FDF /* Project object */;
			proxyType = 1;
			remoteGlobalIDString = 66F7183F1B40F906002A2FDF;
			remoteInfo = testObjcRetainCrash;
		};
/* End PBXContainerItemProxy section */

/* Begin PBXFileReference section */
		66F718401B40F906002A2FDF /* testObjcRetainCrash.app */ = {isa = PBXFileReference; explicitFileType = wrapper.application; includeInIndex = 0; path = testObjcRetainCrash.app; sourceTree = BUILT_PRODUCTS_DIR; };
		66F718441B40F906002A2FDF /* Info.plist */ = {isa = PBXFileReference; lastKnownFileType = text.plist.xml; path = Info.plist; sourceTree = "<group>"; };
		66F718451B40F906002A2FDF /* main.m */ = {isa = PBXFileReference; lastKnownFileType = sourcecode.c.objc; path = main.m; sourceTree = "<group>"; };
		66F718471B40F906002A2FDF /* AppDelegate.h */ = {isa = PBXFileReference; lastKnownFileType = sourcecode.c.h; path = AppDelegate.h; sourceTree = "<group>"; };
		66F718481B40F906002A2FDF /* AppDelegate.m */ = {isa = PBXFileReference; lastKnownFileType = sourcecode.c.objc; path = AppDelegate.m; sourceTree = "<group>"; };
		66F7184A1B40F906002A2FDF /* ViewController.h */ = {isa = PBXFileReference; lastKnownFileType = sourcecode.c.h; path = ViewController.h; sourceTree = "<group>"; };
		66F7184B1B40F906002A2FDF /* ViewController.m */ = {isa = PBXFileReference; lastKnownFileType = sourcecode.c.objc; path = ViewController.m; sourceTree = "<group>"; };
		66F7184E1B40F906002A2FDF /* Base */ = {isa = PBXFileReference; lastKnownFileType = file.storyboard; name = Base; path = Base.lproj/Main.storyboard; sourceTree = "<group>"; };
		66F718501B40F906002A2FDF /* Images.xcassets */ = {isa = PBXFileReference; lastKnownFileType = folder.assetcatalog; path = Images.xcassets; sourceTree = "<group>"; };
		66F718531B40F906002A2FDF /* Base */ = {isa = PBXFileReference; lastKnownFileType = file.xib; name = Base; path = Base.lproj/LaunchScreen.xib; sourceTree = "<group>"; };
		66F718591B40F906002A2FDF /* testObjcRetainCrashTests.xctest */ = {isa = PBXFileReference; explicitFileType = wrapper.cfbundle; includeInIndex = 0; path = testObjcRetainCrashTests.xctest; sourceTree = BUILT_PRODUCTS_DIR; };
		66F7185E1B40F906002A2FDF /* Info.plist */ = {isa = PBXFileReference; lastKnownFileType = text.plist.xml; path = Info.plist; sourceTree = "<group>"; };
		66F7185F1B40F906002A2FDF /* testObjcRetainCrashTests.m */ = {isa = PBXFileReference; lastKnownFileType = sourcecode.c.objc; path = testObjcRetainCrashTests.m; sourceTree = "<group>"; };
		66F718691B40F927002A2FDF /* MenuItem.h */ = {isa = PBXFileReference; fileEncoding = 4; lastKnownFileType = sourcecode.c.h; path = MenuItem.h; sourceTree = "<group>"; };
		66F7186A1B40F927002A2FDF /* MenuItem.m */ = {isa = PBXFileReference; fileEncoding = 4; lastKnownFileType = sourcecode.c.objc; path = MenuItem.m; sourceTree = "<group>"; };
		66F7186C1B40F963002A2FDF /* Widget.h */ = {isa = PBXFileReference; fileEncoding = 4; lastKnownFileType = sourcecode.c.h; path = Widget.h; sourceTree = "<group>"; };
		66F7186D1B40F963002A2FDF /* Widget.m */ = {isa = PBXFileReference; fileEncoding = 4; lastKnownFileType = sourcecode.c.objc; path = Widget.m; sourceTree = "<group>"; };
/* End PBXFileReference section */

/* Begin PBXFrameworksBuildPhase section */
		66F7183D1B40F906002A2FDF /* Frameworks */ = {
			isa = PBXFrameworksBuildPhase;
			buildActionMask = 2147483647;
			files = (
			);
			runOnlyForDeploymentPostprocessing = 0;
		};
		66F718561B40F906002A2FDF /* Frameworks */ = {
			isa = PBXFrameworksBuildPhase;
			buildActionMask = 2147483647;
			files = (
			);
			runOnlyForDeploymentPostprocessing = 0;
		};
/* End PBXFrameworksBuildPhase section */

/* Begin PBXGroup section */
		66F718371B40F906002A2FDF = {
			isa = PBXGroup;
			children = (
				66F718421B40F906002A2FDF /* testObjcRetainCrash */,
				66F7185C1B40F906002A2FDF /* testObjcRetainCrashTests */,
				66F718411B40F906002A2FDF /* Products */,
			);
			sourceTree = "<group>";
		};
		66F718411B40F906002A2FDF /* Products */ = {
			isa = PBXGroup;
			children = (
				66F718401B40F906002A2FDF /* testObjcRetainCrash.app */,
				66F718591B40F906002A2FDF /* testObjcRetainCrashTests.xctest */,
			);
			name = Products;
			sourceTree = "<group>";
		};
		66F718421B40F906002A2FDF /* testObjcRetainCrash */ = {
			isa = PBXGroup;
			children = (
				66F718471B40F906002A2FDF /* AppDelegate.h */,
				66F718481B40F906002A2FDF /* AppDelegate.m */,
				66F7184A1B40F906002A2FDF /* ViewController.h */,
				66F7184B1B40F906002A2FDF /* ViewController.m */,
				66F7184D1B40F906002A2FDF /* Main.storyboard */,
				66F718501B40F906002A2FDF /* Images.xcassets */,
				66F718521B40F906002A2FDF /* LaunchScreen.xib */,
				66F718431B40F906002A2FDF /* Supporting Files */,
				66F718691B40F927002A2FDF /* MenuItem.h */,
				66F7186A1B40F927002A2FDF /* MenuItem.m */,
				66F7186C1B40F963002A2FDF /* Widget.h */,
				66F7186D1B40F963002A2FDF /* Widget.m */,
			);
			path = testObjcRetainCrash;
			sourceTree = "<group>";
		};
		66F718431B40F906002A2FDF /* Supporting Files */ = {
			isa = PBXGroup;
			children = (
				66F718441B40F906002A2FDF /* Info.plist */,
				66F718451B40F906002A2FDF /* main.m */,
			);
			name = "Supporting Files";
			sourceTree = "<group>";
		};
		66F7185C1B40F906002A2FDF /* testObjcRetainCrashTests */ = {
			isa = PBXGroup;
			children = (
				66F7185F1B40F906002A2FDF /* testObjcRetainCrashTests.m */,
				66F7185D1B40F906002A2FDF /* Supporting Files */,
			);
			path = testObjcRetainCrashTests;
			sourceTree = "<group>";
		};
		66F7185D1B40F906002A2FDF /* Supporting Files */ = {
			isa = PBXGroup;
			children = (
				66F7185E1B40F906002A2FDF /* Info.plist */,
			);
			name = "Supporting Files";
			sourceTree = "<group>";
		};
/* End PBXGroup section */

/* Begin PBXNativeTarget section */
		66F7183F1B40F906002A2FDF /* testObjcRetainCrash */ = {
			isa = PBXNativeTarget;
			buildConfigurationList = 66F718631B40F906002A2FDF /* Build configuration list for PBXNativeTarget "testObjcRetainCrash" */;
			buildPhases = (
				66F7183C1B40F906002A2FDF /* Sources */,
				66F7183D1B40F906002A2FDF /* Frameworks */,
				66F7183E1B40F906002A2FDF /* Resources */,
			);
			buildRules = (
			);
			dependencies = (
			);
			name = testObjcRetainCrash;
			productName = testObjcRetainCrash;
			productReference = 66F718401B40F906002A2FDF /* testObjcRetainCrash.app */;
			productType = "com.apple.product-type.application";
		};
		66F718581B40F906002A2FDF /* testObjcRetainCrashTests */ = {
			isa = PBXNativeTarget;
			buildConfigurationList = 66F718661B40F906002A2FDF /* Build configuration list for PBXNativeTarget "testObjcRetainCrashTests" */;
			buildPhases = (
				66F718551B40F906002A2FDF /* Sources */,
				66F718561B40F906002A2FDF /* Frameworks */,
				66F718571B40F906002A2FDF /* Resources */,
			);
			buildRules = (
			);
			dependencies = (
				66F7185B1B40F906002A2FDF /* PBXTargetDependency */,
			);
			name = testObjcRetainCrashTests;
			productName = testObjcRetainCrashTests;
			productReference = 66F718591B40F906002A2FDF /* testObjcRetainCrashTests.xctest */;
			productType = "com.apple.product-type.bundle.unit-test";
		};
/* End PBXNativeTarget section */

/* Begin PBXProject section */
		66F718381B40F906002A2FDF /* Project object */ = {
			isa = PBXProject;
			attributes = {
				LastUpgradeCheck = 0630;
				ORGANIZATIONNAME = chrisfnxu;
				TargetAttributes = {
					66F7183F1B40F906002A2FDF = {
						CreatedOnToolsVersion = 6.3.2;
					};
					66F718581B40F906002A2FDF = {
						CreatedOnToolsVersion = 6.3.2;
						TestTargetID = 66F7183F1B40F906002A2FDF;
					};
				};
			};
			buildConfigurationList = 66F7183B1B40F906002A2FDF /* Build configuration list for PBXProject "testObjcRetainCrash" */;
			compatibilityVersion = "Xcode 3.2";
			developmentRegion = English;
			hasScannedForEncodings = 0;
			knownRegions = (
				en,
				Base,
			);
			mainGroup = 66F718371B40F906002A2FDF;
			productRefGroup = 66F718411B40F906002A2FDF /* Products */;
			projectDirPath = "";
			projectRoot = "";
			targets = (
				66F7183F1B40F906002A2FDF /* testObjcRetainCrash */,
				66F718581B40F906002A2FDF /* testObjcRetainCrashTests */,
			);
		};
/* End PBXProject section */

/* Begin PBXResourcesBuildPhase section */
		66F7183E1B40F906002A2FDF /* Resources */ = {
			isa = PBXResourcesBuildPhase;
			buildActionMask = 2147483647;
			files = (
				66F7184F1B40F906002A2FDF /* Main.storyboard in Resources */,
				66F718541B40F906002A2FDF /* LaunchScreen.xib in Resources */,
				66F718511B40F906002A2FDF /* Images.xcassets in Resources */,
			);
			runOnlyForDeploymentPostprocessing = 0;
		};
		66F718571B40F906002A2FDF /* Resources */ = {
			isa = PBXResourcesBuildPhase;
			buildActionMask = 2147483647;
			files = (
			);
			runOnlyForDeploymentPostprocessing = 0;
		};
/* End PBXResourcesBuildPhase section */

/* Begin PBXSourcesBuildPhase section */
		66F7183C1B40F906002A2FDF /* Sources */ = {
			isa = PBXSourcesBuildPhase;
			buildActionMask = 2147483647;
			files = (
				66F7186E1B40F963002A2FDF /* Widget.m in Sources */,
				66F7184C1B40F906002A2FDF /* ViewController.m in Sources */,
				66F7186B1B40F927002A2FDF /* MenuItem.m in Sources */,
				66F718491B40F906002A2FDF /* AppDelegate.m in Sources */,
				66F718461B40F906002A2FDF /* main.m in Sources */,
			);
			runOnlyForDeploymentPostprocessing = 0;
		};
		66F718551B40F906002A2FDF /* Sources */ = {
			isa = PBXSourcesBuildPhase;
			buildActionMask = 2147483647;
			files = (
				66F718601B40F906002A2FDF /* testObjcRetainCrashTests.m in Sources */,
			);
			runOnlyForDeploymentPostprocessing = 0;
		};
/* End PBXSourcesBuildPhase section */

/* Begin PBXTargetDependency section */
		66F7185B1B40F906002A2FDF /* PBXTargetDependency */ = {
			isa = PBXTargetDependency;
			target = 66F7183F1B40F906002A2FDF /* testObjcRetainCrash */;
			targetProxy = 66F7185A1B40F906002A2FDF /* PBXContainerItemProxy */;
		};
/* End PBXTargetDependency section */

/* Begin PBXVariantGroup section */
		66F7184D1B40F906002A2FDF /* Main.storyboard */ = {
			isa = PBXVariantGroup;
			children = (
				66F7184E1B40F906002A2FDF /* Base */,
			);
			name = Main.storyboard;
			sourceTree = "<group>";
		};
		66F718521B40F906002A2FDF /* LaunchScreen.xib */ = {
			isa = PBXVariantGroup;
			children = (
				66F718531B40F906002A2FDF /* Base */,
			);
			name = LaunchScreen.xib;
			sourceTree = "<group>";
		};
/* End PBXVariantGroup section */

/* Begin XCBuildConfiguration section */
		66F718611B40F906002A2FDF /* Debug */ = {
			isa = XCBuildConfiguration;
			buildSettings = {
				ALWAYS_SEARCH_USER_PATHS = NO;
				CLANG_CXX_LANGUAGE_STANDARD = "gnu++0x";
				CLANG_CXX_LIBRARY = "libc++";
				CLANG_ENABLE_MODULES = YES;
				CLANG_ENABLE_OBJC_ARC = YES;
				CLANG_WARN_BOOL_CONVERSION = YES;
				CLANG_WARN_CONSTANT_CONVERSION = YES;
				CLANG_WARN_DIRECT_OBJC_ISA_USAGE = YES_ERROR;
				CLANG_WARN_EMPTY_BODY = YES;
				CLANG_WARN_ENUM_CONVERSION = YES;
				CLANG_WARN_INT_CONVERSION = YES;
				CLANG_WARN_OBJC_ROOT_CLASS = YES_ERROR;
				CLANG_WARN_UNREACHABLE_CODE = YES;
				CLANG_WARN__DUPLICATE_METHOD_MATCH = YES;
				"CODE_SIGN_IDENTITY[sdk=iphoneos*]" = "iPhone Developer";
				COPY_PHASE_STRIP = NO;
				DEBUG_INFORMATION_FORMAT = "dwarf-with-dsym";
				ENABLE_STRICT_OBJC_MSGSEND = YES;
				GCC_C_LANGUAGE_STANDARD = gnu99;
				GCC_DYNAMIC_NO_PIC = NO;
				GCC_NO_COMMON_BLOCKS = YES;
				GCC_OPTIMIZATION_LEVEL = 0;
				GCC_PREPROCESSOR_DEFINITIONS = (
					"DEBUG=1",
					"$(inherited)",
				);
				GCC_SYMBOLS_PRIVATE_EXTERN = NO;
				GCC_WARN_64_TO_32_BIT_CONVERSION = YES;
				GCC_WARN_ABOUT_RETURN_TYPE = YES_ERROR;
				GCC_WARN_UNDECLARED_SELECTOR = YES;
				GCC_WARN_UNINITIALIZED_AUTOS = YES_AGGRESSIVE;
				GCC_WARN_UNUSED_FUNCTION = YES;
				GCC_WARN_UNUSED_VARIABLE = YES;
				IPHONEOS_DEPLOYMENT_TARGET = 8.3;
				MTL_ENABLE_DEBUG_INFO = YES;
				ONLY_ACTIVE_ARCH = YES;
				SDKROOT = iphoneos;
			};
			name = Debug;
		};
		66F718621B40F906002A2FDF /* Release */ = {
			isa = XCBuildConfiguration;
			buildSettings = {
				ALWAYS_SEARCH_USER_PATHS = NO;
				CLANG_CXX_LANGUAGE_STANDARD = "gnu++0x";
				CLANG_CXX_LIBRARY = "libc++";
				CLANG_ENABLE_MODULES = YES;
				CLANG_ENABLE_OBJC_ARC = YES;
				CLANG_WARN_BOOL_CONVERSION = YES;
				CLANG_WARN_CONSTANT_CONVERSION = YES;
				CLANG_WARN_DIRECT_OBJC_ISA_USAGE = YES_ERROR;
				CLANG_WARN_EMPTY_BODY = YES;
				CLANG_WARN_ENUM_CONVERSION = YES;
				CLANG_WARN_INT_CONVERSION = YES;
				CLANG_WARN_OBJC_ROOT_CLASS = YES_ERROR;
				CLANG_WARN_UNREACHABLE_CODE = YES;
				CLANG_WARN__DUPLICATE_METHOD_MATCH = YES;
				"CODE_SIGN_IDENTITY[sdk=iphoneos*]" = "iPhone Developer";
				COPY_PHASE_STRIP = NO;
				DEBUG_INFORMATION_FORMAT = "dwarf-with-dsym";
				ENABLE_NS_ASSERTIONS = NO;
				ENABLE_STRICT_OBJC_MSGSEND = YES;
				GCC_C_LANGUAGE_STANDARD = gnu99;
				GCC_NO_COMMON_BLOCKS = YES;
				GCC_WARN_64_TO_32_BIT_CONVERSION = YES;
				GCC_WARN_ABOUT_RETURN_TYPE = YES_ERROR;
				GCC_WARN_UNDECLARED_SELECTOR = YES;
				GCC_WARN_UNINITIALIZED_AUTOS = YES_AGGRESSIVE;
				GCC_WARN_UNUSED_FUNCTION = YES;
				GCC_WARN_UNUSED_VARIABLE = YES;
				IPHONEOS_DEPLOYMENT_TARGET = 8.3;
				MTL_ENABLE_DEBUG_INFO = NO;
				SDKROOT = iphoneos;
				VALIDATE_PRODUCT = YES;
			};
			name = Release;
		};
		66F718641B40F906002A2FDF /* Debug */ = {
			isa = XCBuildConfiguration;
			buildSettings = {
				ASSETCATALOG_COMPILER_APPICON_NAME = AppIcon;
				INFOPLIST_FILE = testObjcRetainCrash/Info.plist;
				LD_RUNPATH_SEARCH_PATHS = "$(inherited) @executable_path/Frameworks";
				PRODUCT_NAME = "$(TARGET_NAME)";
			};
			name = Debug;
		};
		66F718651B40F906002A2FDF /* Release */ = {
			isa = XCBuildConfiguration;
			buildSettings = {
				ASSETCATALOG_COMPILER_APPICON_NAME = AppIcon;
				INFOPLIST_FILE = testObjcRetainCrash/Info.plist;
				LD_RUNPATH_SEARCH_PATHS = "$(inherited) @executable_path/Frameworks";
				PRODUCT_NAME = "$(TARGET_NAME)";
			};
			name = Release;
		};
		66F718671B40F906002A2FDF /* Debug */ = {
			isa = XCBuildConfiguration;
			buildSettings = {
				BUNDLE_LOADER = "$(TEST_HOST)";
				FRAMEWORK_SEARCH_PATHS = (
					"$(SDKROOT)/Developer/Library/Frameworks",
					"$(inherited)",
				);
				GCC_PREPROCESSOR_DEFINITIONS = (
					"DEBUG=1",
					"$(inherited)",
				);
				INFOPLIST_FILE = testObjcRetainCrashTests/Info.plist;
				LD_RUNPATH_SEARCH_PATHS = "$(inherited) @executable_path/Frameworks @loader_path/Frameworks";
				PRODUCT_NAME = "$(TARGET_NAME)";
				TEST_HOST = "$(BUILT_PRODUCTS_DIR)/testObjcRetainCrash.app/testObjcRetainCrash";
			};
			name = Debug;
		};
		66F718681B40F906002A2FDF /* Release */ = {
			isa = XCBuildConfiguration;
			buildSettings = {
				BUNDLE_LOADER = "$(TEST_HOST)";
				FRAMEWORK_SEARCH_PATHS = (
					"$(SDKROOT)/Developer/Library/Frameworks",
					"$(inherited)",
				);
				INFOPLIST_FILE = testObjcRetainCrashTests/Info.plist;
				LD_RUNPATH_SEARCH_PATHS = "$(inherited) @executable_path/Frameworks @loader_path/Frameworks";
				PRODUCT_NAME = "$(TARGET_NAME)";
				TEST_HOST = "$(BUILT_PRODUCTS_DIR)/testObjcRetainCrash.app/testObjcRetainCrash";
			};
			name = Release;
		};
/* End XCBuildConfiguration section */

/* Begin XCConfigurationList section */
		66F7183B1B40F906002A2FDF /* Build configuration list for PBXProject "testObjcRetainCrash" */ = {
			isa = XCConfigurationList;
			buildConfigurations = (
				66F718611B40F906002A2FDF /* Debug */,
				66F718621B40F906002A2FDF /* Release */,
			);
			defaultConfigurationIsVisible = 0;
			defaultConfigurationName = Release;
		};
		66F718631B40F906002A2FDF /* Build configuration list for PBXNativeTarget "testObjcRetainCrash" */ = {
			isa = XCConfigurationList;
			buildConfigurations = (
				66F718641B40F906002A2FDF /* Debug */,
				66F718651B40F906002A2FDF /* Release */,
			);
			defaultConfigurationIsVisible = 0;
		};
		66F718661B40F906002A2FDF /* Build configuration list for PBXNativeTarget "testObjcRetainCrashTests" */ = {
			isa = XCConfigurationList;
			buildConfigurations = (
				66F718671B40F906002A2FDF /* Debug */,
				66F718681B40F906002A2FDF /* Release */,
			);
			defaultConfigurationIsVisible = 0;
		};
/* End XCConfigurationList section */
	};
	rootObject = 66F718381B40F906002A2FDF /* Project object */;
}
