// !$*UTF8*$!
{
	archiveVersion = 1;
	classes = {
	};
	objectVersion = 46;
	objects = {

/* Begin PBXBuildFile section */
		E89661B01D742371000C0B80 /* main.m in Sources */ = {isa = PBXBuildFile; fileRef = E89661AF1D742371000C0B80 /* main.m */; };
		E89661B31D742371000C0B80 /* AppDelegate.m in Sources */ = {isa = PBXBuildFile; fileRef = E89661B21D742371000C0B80 /* AppDelegate.m */; };
		E89661B61D742371000C0B80 /* ViewController.m in Sources */ = {isa = PBXBuildFile; fileRef = E89661B51D742371000C0B80 /* ViewController.m */; };
		E89661B91D742371000C0B80 /* Main.storyboard in Resources */ = {isa = PBXBuildFile; fileRef = E89661B71D742371000C0B80 /* Main.storyboard */; };
		E89661BB1D742371000C0B80 /* Assets.xcassets in Resources */ = {isa = PBXBuildFile; fileRef = E89661BA1D742371000C0B80 /* Assets.xcassets */; };
		E89661BE1D742371000C0B80 /* LaunchScreen.storyboard in Resources */ = {isa = PBXBuildFile; fileRef = E89661BC1D742371000C0B80 /* LaunchScreen.storyboard */; };
		E89661C91D742371000C0B80 /* NotificationTestTests.m in Sources */ = {isa = PBXBuildFile; fileRef = E89661C81D742371000C0B80 /* NotificationTestTests.m */; };
/* End PBXBuildFile section */

/* Begin PBXContainerItemProxy section */
		E89661C51D742371000C0B80 /* PBXContainerItemProxy */ = {
			isa = PBXContainerItemProxy;
			containerPortal = E89661A31D742371000C0B80 /* Project object */;
			proxyType = 1;
			remoteGlobalIDString = E89661AA1D742371000C0B80;
			remoteInfo = NotificationTest;
		};
/* End PBXContainerItemProxy section */

/* Begin PBXFileReference section */
		E89661AB1D742371000C0B80 /* NotificationTest.app */ = {isa = PBXFileReference; explicitFileType = wrapper.application; includeInIndex = 0; path = NotificationTest.app; sourceTree = BUILT_PRODUCTS_DIR; };
		E89661AF1D742371000C0B80 /* main.m */ = {isa = PBXFileReference; lastKnownFileType = sourcecode.c.objc; path = main.m; sourceTree = "<group>"; };
		E89661B11D742371000C0B80 /* AppDelegate.h */ = {isa = PBXFileReference; lastKnownFileType = sourcecode.c.h; path = AppDelegate.h; sourceTree = "<group>"; };
		E89661B21D742371000C0B80 /* AppDelegate.m */ = {isa = PBXFileReference; lastKnownFileType = sourcecode.c.objc; path = AppDelegate.m; sourceTree = "<group>"; };
		E89661B41D742371000C0B80 /* ViewController.h */ = {isa = PBXFileReference; lastKnownFileType = sourcecode.c.h; path = ViewController.h; sourceTree = "<group>"; };
		E89661B51D742371000C0B80 /* ViewController.m */ = {isa = PBXFileReference; lastKnownFileType = sourcecode.c.objc; path = ViewController.m; sourceTree = "<group>"; };
		E89661B81D742371000C0B80 /* Base */ = {isa = PBXFileReference; lastKnownFileType = file.storyboard; name = Base; path = Base.lproj/Main.storyboard; sourceTree = "<group>"; };
		E89661BA1D742371000C0B80 /* Assets.xcassets */ = {isa = PBXFileReference; lastKnownFileType = folder.assetcatalog; path = Assets.xcassets; sourceTree = "<group>"; };
		E89661BD1D742371000C0B80 /* Base */ = {isa = PBXFileReference; lastKnownFileType = file.storyboard; name = Base; path = Base.lproj/LaunchScreen.storyboard; sourceTree = "<group>"; };
		E89661BF1D742371000C0B80 /* Info.plist */ = {isa = PBXFileReference; lastKnownFileType = text.plist.xml; path = Info.plist; sourceTree = "<group>"; };
		E89661C41D742371000C0B80 /* NotificationTestTests.xctest */ = {isa = PBXFileReference; explicitFileType = wrapper.cfbundle; includeInIndex = 0; path = NotificationTestTests.xctest; sourceTree = BUILT_PRODUCTS_DIR; };
		E89661C81D742371000C0B80 /* NotificationTestTests.m */ = {isa = PBXFileReference; lastKnownFileType = sourcecode.c.objc; path = NotificationTestTests.m; sourceTree = "<group>"; };
		E89661CA1D742371000C0B80 /* Info.plist */ = {isa = PBXFileReference; lastKnownFileType = text.plist.xml; path = Info.plist; sourceTree = "<group>"; };
/* End PBXFileReference section */

/* Begin PBXFrameworksBuildPhase section */
		E89661A81D742371000C0B80 /* Frameworks */ = {
			isa = PBXFrameworksBuildPhase;
			buildActionMask = 2147483647;
			files = (
			);
			runOnlyForDeploymentPostprocessing = 0;
		};
		E89661C11D742371000C0B80 /* Frameworks */ = {
			isa = PBXFrameworksBuildPhase;
			buildActionMask = 2147483647;
			files = (
			);
			runOnlyForDeploymentPostprocessing = 0;
		};
/* End PBXFrameworksBuildPhase section */

/* Begin PBXGroup section */
		E89661A21D742371000C0B80 = {
			isa = PBXGroup;
			children = (
				E89661AD1D742371000C0B80 /* NotificationTest */,
				E89661C71D742371000C0B80 /* NotificationTestTests */,
				E89661AC1D742371000C0B80 /* Products */,
			);
			sourceTree = "<group>";
		};
		E89661AC1D742371000C0B80 /* Products */ = {
			isa = PBXGroup;
			children = (
				E89661AB1D742371000C0B80 /* NotificationTest.app */,
				E89661C41D742371000C0B80 /* NotificationTestTests.xctest */,
			);
			name = Products;
			sourceTree = "<group>";
		};
		E89661AD1D742371000C0B80 /* NotificationTest */ = {
			isa = PBXGroup;
			children = (
				E89661B11D742371000C0B80 /* AppDelegate.h */,
				E89661B21D742371000C0B80 /* AppDelegate.m */,
				E89661B41D742371000C0B80 /* ViewController.h */,
				E89661B51D742371000C0B80 /* ViewController.m */,
				E89661B71D742371000C0B80 /* Main.storyboard */,
				E89661BA1D742371000C0B80 /* Assets.xcassets */,
				E89661BC1D742371000C0B80 /* LaunchScreen.storyboard */,
				E89661BF1D742371000C0B80 /* Info.plist */,
				E89661AE1D742371000C0B80 /* Supporting Files */,
			);
			path = NotificationTest;
			sourceTree = "<group>";
		};
		E89661AE1D742371000C0B80 /* Supporting Files */ = {
			isa = PBXGroup;
			children = (
				E89661AF1D742371000C0B80 /* main.m */,
			);
			name = "Supporting Files";
			sourceTree = "<group>";
		};
		E89661C71D742371000C0B80 /* NotificationTestTests */ = {
			isa = PBXGroup;
			children = (
				E89661C81D742371000C0B80 /* NotificationTestTests.m */,
				E89661CA1D742371000C0B80 /* Info.plist */,
			);
			path = NotificationTestTests;
			sourceTree = "<group>";
		};
/* End PBXGroup section */

/* Begin PBXNativeTarget section */
		E89661AA1D742371000C0B80 /* NotificationTest */ = {
			isa = PBXNativeTarget;
			buildConfigurationList = E89661CD1D742371000C0B80 /* Build configuration list for PBXNativeTarget "NotificationTest" */;
			buildPhases = (
				E89661A71D742371000C0B80 /* Sources */,
				E89661A81D742371000C0B80 /* Frameworks */,
				E89661A91D742371000C0B80 /* Resources */,
			);
			buildRules = (
			);
			dependencies = (
			);
			name = NotificationTest;
			productName = NotificationTest;
			productReference = E89661AB1D742371000C0B80 /* NotificationTest.app */;
			productType = "com.apple.product-type.application";
		};
		E89661C31D742371000C0B80 /* NotificationTestTests */ = {
			isa = PBXNativeTarget;
			buildConfigurationList = E89661D01D742371000C0B80 /* Build configuration list for PBXNativeTarget "NotificationTestTests" */;
			buildPhases = (
				E89661C01D742371000C0B80 /* Sources */,
				E89661C11D742371000C0B80 /* Frameworks */,
				E89661C21D742371000C0B80 /* Resources */,
			);
			buildRules = (
			);
			dependencies = (
				E89661C61D742371000C0B80 /* PBXTargetDependency */,
			);
			name = NotificationTestTests;
			productName = NotificationTestTests;
			productReference = E89661C41D742371000C0B80 /* NotificationTestTests.xctest */;
			productType = "com.apple.product-type.bundle.unit-test";
		};
/* End PBXNativeTarget section */

/* Begin PBXProject section */
		E89661A31D742371000C0B80 /* Project object */ = {
			isa = PBXProject;
			attributes = {
				LastUpgradeCheck = 0730;
				ORGANIZATIONNAME = rookienerd;
				TargetAttributes = {
					E89661AA1D742371000C0B80 = {
						CreatedOnToolsVersion = 7.3.1;
						DevelopmentTeam = G6QUEP26B9;
					};
					E89661C31D742371000C0B80 = {
						CreatedOnToolsVersion = 7.3.1;
						DevelopmentTeam = G6QUEP26B9;
						TestTargetID = E89661AA1D742371000C0B80;
					};
				};
			};
			buildConfigurationList = E89661A61D742371000C0B80 /* Build configuration list for PBXProject "NotificationTest" */;
			compatibilityVersion = "Xcode 3.2";
			developmentRegion = English;
			hasScannedForEncodings = 0;
			knownRegions = (
				en,
				Base,
			);
			mainGroup = E89661A21D742371000C0B80;
			productRefGroup = E89661AC1D742371000C0B80 /* Products */;
			projectDirPath = "";
			projectRoot = "";
			targets = (
				E89661AA1D742371000C0B80 /* NotificationTest */,
				E89661C31D742371000C0B80 /* NotificationTestTests */,
			);
		};
/* End PBXProject section */

/* Begin PBXResourcesBuildPhase section */
		E89661A91D742371000C0B80 /* Resources */ = {
			isa = PBXResourcesBuildPhase;
			buildActionMask = 2147483647;
			files = (
				E89661BE1D742371000C0B80 /* LaunchScreen.storyboard in Resources */,
				E89661BB1D742371000C0B80 /* Assets.xcassets in Resources */,
				E89661B91D742371000C0B80 /* Main.storyboard in Resources */,
			);
			runOnlyForDeploymentPostprocessing = 0;
		};
		E89661C21D742371000C0B80 /* Resources */ = {
			isa = PBXResourcesBuildPhase;
			buildActionMask = 2147483647;
			files = (
			);
			runOnlyForDeploymentPostprocessing = 0;
		};
/* End PBXResourcesBuildPhase section */

/* Begin PBXSourcesBuildPhase section */
		E89661A71D742371000C0B80 /* Sources */ = {
			isa = PBXSourcesBuildPhase;
			buildActionMask = 2147483647;
			files = (
				E89661B61D742371000C0B80 /* ViewController.m in Sources */,
				E89661B31D742371000C0B80 /* AppDelegate.m in Sources */,
				E89661B01D742371000C0B80 /* main.m in Sources */,
			);
			runOnlyForDeploymentPostprocessing = 0;
		};
		E89661C01D742371000C0B80 /* Sources */ = {
			isa = PBXSourcesBuildPhase;
			buildActionMask = 2147483647;
			files = (
				E89661C91D742371000C0B80 /* NotificationTestTests.m in Sources */,
			);
			runOnlyForDeploymentPostprocessing = 0;
		};
/* End PBXSourcesBuildPhase section */

/* Begin PBXTargetDependency section */
		E89661C61D742371000C0B80 /* PBXTargetDependency */ = {
			isa = PBXTargetDependency;
			target = E89661AA1D742371000C0B80 /* NotificationTest */;
			targetProxy = E89661C51D742371000C0B80 /* PBXContainerItemProxy */;
		};
/* End PBXTargetDependency section */

/* Begin PBXVariantGroup section */
		E89661B71D742371000C0B80 /* Main.storyboard */ = {
			isa = PBXVariantGroup;
			children = (
				E89661B81D742371000C0B80 /* Base */,
			);
			name = Main.storyboard;
			sourceTree = "<group>";
		};
		E89661BC1D742371000C0B80 /* LaunchScreen.storyboard */ = {
			isa = PBXVariantGroup;
			children = (
				E89661BD1D742371000C0B80 /* Base */,
			);
			name = LaunchScreen.storyboard;
			sourceTree = "<group>";
		};
/* End PBXVariantGroup section */

/* Begin XCBuildConfiguration section */
		E89661CB1D742371000C0B80 /* Debug */ = {
			isa = XCBuildConfiguration;
			buildSettings = {
				ALWAYS_SEARCH_USER_PATHS = NO;
				CLANG_ANALYZER_NONNULL = YES;
				CLANG_CXX_LANGUAGE_STANDARD = "gnu++0x";
				CLANG_CXX_LIBRARY = "libc++";
				CLANG_ENABLE_MODULES = YES;
				CLANG_ENABLE_OBJC_ARC = YES;
				CLANG_WARN_BOOL_CONVERSION = YES;
				CLANG_WARN_CONSTANT_CONVERSION = YES;
				CLANG_WARN_DIRECT_OBJC_ISA_USAGE = YES_ERROR;
				CLANG_WARN_EMPTY_BODY = YES;
				CLANG_WARN_ENUM_CONVERSION = YES;
				CLANG_WARN_INT_CONVERSION = YES;
				CLANG_WARN_OBJC_ROOT_CLASS = YES_ERROR;
				CLANG_WARN_UNREACHABLE_CODE = YES;
				CLANG_WARN__DUPLICATE_METHOD_MATCH = YES;
				"CODE_SIGN_IDENTITY[sdk=iphoneos*]" = "iPhone Developer";
				COPY_PHASE_STRIP = NO;
				DEBUG_INFORMATION_FORMAT = dwarf;
				ENABLE_STRICT_OBJC_MSGSEND = YES;
				ENABLE_TESTABILITY = YES;
				GCC_C_LANGUAGE_STANDARD = gnu99;
				GCC_DYNAMIC_NO_PIC = NO;
				GCC_NO_COMMON_BLOCKS = YES;
				GCC_OPTIMIZATION_LEVEL = 0;
				GCC_PREPROCESSOR_DEFINITIONS = (
					"DEBUG=1",
					"$(inherited)",
				);
				GCC_WARN_64_TO_32_BIT_CONVERSION = YES;
				GCC_WARN_ABOUT_RETURN_TYPE = YES_ERROR;
				GCC_WARN_UNDECLARED_SELECTOR = YES;
				GCC_WARN_UNINITIALIZED_AUTOS = YES_AGGRESSIVE;
				GCC_WARN_UNUSED_FUNCTION = YES;
				GCC_WARN_UNUSED_VARIABLE = YES;
				IPHONEOS_DEPLOYMENT_TARGET = 9.3;
				MTL_ENABLE_DEBUG_INFO = YES;
				ONLY_ACTIVE_ARCH = YES;
				SDKROOT = iphoneos;
			};
			name = Debug;
		};
		E89661CC1D742371000C0B80 /* Release */ = {
			isa = XCBuildConfiguration;
			buildSettings = {
				ALWAYS_SEARCH_USER_PATHS = NO;
				CLANG_ANALYZER_NONNULL = YES;
				CLANG_CXX_LANGUAGE_STANDARD = "gnu++0x";
				CLANG_CXX_LIBRARY = "libc++";
				CLANG_ENABLE_MODULES = YES;
				CLANG_ENABLE_OBJC_ARC = YES;
				CLANG_WARN_BOOL_CONVERSION = YES;
				CLANG_WARN_CONSTANT_CONVERSION = YES;
				CLANG_WARN_DIRECT_OBJC_ISA_USAGE = YES_ERROR;
				CLANG_WARN_EMPTY_BODY = YES;
				CLANG_WARN_ENUM_CONVERSION = YES;
				CLANG_WARN_INT_CONVERSION = YES;
				CLANG_WARN_OBJC_ROOT_CLASS = YES_ERROR;
				CLANG_WARN_UNREACHABLE_CODE = YES;
				CLANG_WARN__DUPLICATE_METHOD_MATCH = YES;
				"CODE_SIGN_IDENTITY[sdk=iphoneos*]" = "iPhone Developer";
				COPY_PHASE_STRIP = NO;
				DEBUG_INFORMATION_FORMAT = "dwarf-with-dsym";
				ENABLE_NS_ASSERTIONS = NO;
				ENABLE_STRICT_OBJC_MSGSEND = YES;
				GCC_C_LANGUAGE_STANDARD = gnu99;
				GCC_NO_COMMON_BLOCKS = YES;
				GCC_WARN_64_TO_32_BIT_CONVERSION = YES;
				GCC_WARN_ABOUT_RETURN_TYPE = YES_ERROR;
				GCC_WARN_UNDECLARED_SELECTOR = YES;
				GCC_WARN_UNINITIALIZED_AUTOS = YES_AGGRESSIVE;
				GCC_WARN_UNUSED_FUNCTION = YES;
				GCC_WARN_UNUSED_VARIABLE = YES;
				IPHONEOS_DEPLOYMENT_TARGET = 9.3;
				MTL_ENABLE_DEBUG_INFO = NO;
				SDKROOT = iphoneos;
				VALIDATE_PRODUCT = YES;
			};
			name = Release;
		};
		E89661CE1D742371000C0B80 /* Debug */ = {
			isa = XCBuildConfiguration;
			buildSettings = {
				ASSETCATALOG_COMPILER_APPICON_NAME = AppIcon;
				INFOPLIST_FILE = NotificationTest/Info.plist;
				LD_RUNPATH_SEARCH_PATHS = "$(inherited) @executable_path/Frameworks";
				PRODUCT_BUNDLE_IDENTIFIER = com.rookienerd.NotificationTest;
				PRODUCT_NAME = "$(TARGET_NAME)";
			};
			name = Debug;
		};
		E89661CF1D742371000C0B80 /* Release */ = {
			isa = XCBuildConfiguration;
			buildSettings = {
				ASSETCATALOG_COMPILER_APPICON_NAME = AppIcon;
				INFOPLIST_FILE = NotificationTest/Info.plist;
				LD_RUNPATH_SEARCH_PATHS = "$(inherited) @executable_path/Frameworks";
				PRODUCT_BUNDLE_IDENTIFIER = com.rookienerd.NotificationTest;
				PRODUCT_NAME = "$(TARGET_NAME)";
			};
			name = Release;
		};
		E89661D11D742371000C0B80 /* Debug */ = {
			isa = XCBuildConfiguration;
			buildSettings = {
				BUNDLE_LOADER = "$(TEST_HOST)";
				INFOPLIST_FILE = NotificationTestTests/Info.plist;
				LD_RUNPATH_SEARCH_PATHS = "$(inherited) @executable_path/Frameworks @loader_path/Frameworks";
				PRODUCT_BUNDLE_IDENTIFIER = com.rookienerd.NotificationTestTests;
				PRODUCT_NAME = "$(TARGET_NAME)";
				TEST_HOST = "$(BUILT_PRODUCTS_DIR)/NotificationTest.app/NotificationTest";
			};
			name = Debug;
		};
		E89661D21D742371000C0B80 /* Release */ = {
			isa = XCBuildConfiguration;
			buildSettings = {
				BUNDLE_LOADER = "$(TEST_HOST)";
				INFOPLIST_FILE = NotificationTestTests/Info.plist;
				LD_RUNPATH_SEARCH_PATHS = "$(inherited) @executable_path/Frameworks @loader_path/Frameworks";
				PRODUCT_BUNDLE_IDENTIFIER = com.rookienerd.NotificationTestTests;
				PRODUCT_NAME = "$(TARGET_NAME)";
				TEST_HOST = "$(BUILT_PRODUCTS_DIR)/NotificationTest.app/NotificationTest";
			};
			name = Release;
		};
/* End XCBuildConfiguration section */

/* Begin XCConfigurationList section */
		E89661A61D742371000C0B80 /* Build configuration list for PBXProject "NotificationTest" */ = {
			isa = XCConfigurationList;
			buildConfigurations = (
				E89661CB1D742371000C0B80 /* Debug */,
				E89661CC1D742371000C0B80 /* Release */,
			);
			defaultConfigurationIsVisible = 0;
			defaultConfigurationName = Release;
		};
		E89661CD1D742371000C0B80 /* Build configuration list for PBXNativeTarget "NotificationTest" */ = {
			isa = XCConfigurationList;
			buildConfigurations = (
				E89661CE1D742371000C0B80 /* Debug */,
				E89661CF1D742371000C0B80 /* Release */,
			);
			defaultConfigurationIsVisible = 0;
		};
		E89661D01D742371000C0B80 /* Build configuration list for PBXNativeTarget "NotificationTestTests" */ = {
			isa = XCConfigurationList;
			buildConfigurations = (
				E89661D11D742371000C0B80 /* Debug */,
				E89661D21D742371000C0B80 /* Release */,
			);
			defaultConfigurationIsVisible = 0;
		};
/* End XCConfigurationList section */
	};
	rootObject = E89661A31D742371000C0B80 /* Project object */;
}
