// !$*UTF8*$!
{
	archiveVersion = 1;
	classes = {
	};
	objectVersion = 46;
	objects = {

/* Begin PBXBuildFile section */
		E89DC16B1C4E9716005317F0 /* main.m in Sources */ = {isa = PBXBuildFile; fileRef = E89DC16A1C4E9716005317F0 /* main.m */; };
		E89DC16E1C4E9716005317F0 /* AppDelegate.m in Sources */ = {isa = PBXBuildFile; fileRef = E89DC16D1C4E9716005317F0 /* AppDelegate.m */; };
		E89DC1711C4E9716005317F0 /* ViewController.m in Sources */ = {isa = PBXBuildFile; fileRef = E89DC1701C4E9716005317F0 /* ViewController.m */; };
		E89DC1741C4E9716005317F0 /* Main.storyboard in Resources */ = {isa = PBXBuildFile; fileRef = E89DC1721C4E9716005317F0 /* Main.storyboard */; };
		E89DC1761C4E9716005317F0 /* Assets.xcassets in Resources */ = {isa = PBXBuildFile; fileRef = E89DC1751C4E9716005317F0 /* Assets.xcassets */; };
		E89DC1791C4E9716005317F0 /* LaunchScreen.storyboard in Resources */ = {isa = PBXBuildFile; fileRef = E89DC1771C4E9716005317F0 /* LaunchScreen.storyboard */; };
		E89DC1821C4E9890005317F0 /* ModelViewController.m in Sources */ = {isa = PBXBuildFile; fileRef = E89DC1811C4E9890005317F0 /* ModelViewController.m */; };
		E89DC1851C4E990B005317F0 /* PushViewController.m in Sources */ = {isa = PBXBuildFile; fileRef = E89DC1841C4E990B005317F0 /* PushViewController.m */; };
/* End PBXBuildFile section */

/* Begin PBXFileReference section */
		E89DC1661C4E9716005317F0 /* presentViewControllerTest.app */ = {isa = PBXFileReference; explicitFileType = wrapper.application; includeInIndex = 0; path = presentViewControllerTest.app; sourceTree = BUILT_PRODUCTS_DIR; };
		E89DC16A1C4E9716005317F0 /* main.m */ = {isa = PBXFileReference; lastKnownFileType = sourcecode.c.objc; path = main.m; sourceTree = "<group>"; };
		E89DC16C1C4E9716005317F0 /* AppDelegate.h */ = {isa = PBXFileReference; lastKnownFileType = sourcecode.c.h; path = AppDelegate.h; sourceTree = "<group>"; };
		E89DC16D1C4E9716005317F0 /* AppDelegate.m */ = {isa = PBXFileReference; lastKnownFileType = sourcecode.c.objc; path = AppDelegate.m; sourceTree = "<group>"; };
		E89DC16F1C4E9716005317F0 /* ViewController.h */ = {isa = PBXFileReference; lastKnownFileType = sourcecode.c.h; path = ViewController.h; sourceTree = "<group>"; };
		E89DC1701C4E9716005317F0 /* ViewController.m */ = {isa = PBXFileReference; lastKnownFileType = sourcecode.c.objc; path = ViewController.m; sourceTree = "<group>"; };
		E89DC1731C4E9716005317F0 /* Base */ = {isa = PBXFileReference; lastKnownFileType = file.storyboard; name = Base; path = Base.lproj/Main.storyboard; sourceTree = "<group>"; };
		E89DC1751C4E9716005317F0 /* Assets.xcassets */ = {isa = PBXFileReference; lastKnownFileType = folder.assetcatalog; path = Assets.xcassets; sourceTree = "<group>"; };
		E89DC1781C4E9716005317F0 /* Base */ = {isa = PBXFileReference; lastKnownFileType = file.storyboard; name = Base; path = Base.lproj/LaunchScreen.storyboard; sourceTree = "<group>"; };
		E89DC17A1C4E9716005317F0 /* Info.plist */ = {isa = PBXFileReference; lastKnownFileType = text.plist.xml; path = Info.plist; sourceTree = "<group>"; };
		E89DC1801C4E9890005317F0 /* ModelViewController.h */ = {isa = PBXFileReference; fileEncoding = 4; lastKnownFileType = sourcecode.c.h; path = ModelViewController.h; sourceTree = "<group>"; };
		E89DC1811C4E9890005317F0 /* ModelViewController.m */ = {isa = PBXFileReference; fileEncoding = 4; lastKnownFileType = sourcecode.c.objc; path = ModelViewController.m; sourceTree = "<group>"; };
		E89DC1831C4E990B005317F0 /* PushViewController.h */ = {isa = PBXFileReference; fileEncoding = 4; lastKnownFileType = sourcecode.c.h; path = PushViewController.h; sourceTree = "<group>"; };
		E89DC1841C4E990B005317F0 /* PushViewController.m */ = {isa = PBXFileReference; fileEncoding = 4; lastKnownFileType = sourcecode.c.objc; path = PushViewController.m; sourceTree = "<group>"; };
/* End PBXFileReference section */

/* Begin PBXFrameworksBuildPhase section */
		E89DC1631C4E9716005317F0 /* Frameworks */ = {
			isa = PBXFrameworksBuildPhase;
			buildActionMask = 2147483647;
			files = (
			);
			runOnlyForDeploymentPostprocessing = 0;
		};
/* End PBXFrameworksBuildPhase section */

/* Begin PBXGroup section */
		E89DC15D1C4E9716005317F0 = {
			isa = PBXGroup;
			children = (
				E89DC1681C4E9716005317F0 /* presentViewControllerTest */,
				E89DC1671C4E9716005317F0 /* Products */,
			);
			sourceTree = "<group>";
		};
		E89DC1671C4E9716005317F0 /* Products */ = {
			isa = PBXGroup;
			children = (
				E89DC1661C4E9716005317F0 /* presentViewControllerTest.app */,
			);
			name = Products;
			sourceTree = "<group>";
		};
		E89DC1681C4E9716005317F0 /* presentViewControllerTest */ = {
			isa = PBXGroup;
			children = (
				E89DC16C1C4E9716005317F0 /* AppDelegate.h */,
				E89DC16D1C4E9716005317F0 /* AppDelegate.m */,
				E89DC16F1C4E9716005317F0 /* ViewController.h */,
				E89DC1701C4E9716005317F0 /* ViewController.m */,
				E89DC1831C4E990B005317F0 /* PushViewController.h */,
				E89DC1841C4E990B005317F0 /* PushViewController.m */,
				E89DC1801C4E9890005317F0 /* ModelViewController.h */,
				E89DC1811C4E9890005317F0 /* ModelViewController.m */,
				E89DC1721C4E9716005317F0 /* Main.storyboard */,
				E89DC1751C4E9716005317F0 /* Assets.xcassets */,
				E89DC1771C4E9716005317F0 /* LaunchScreen.storyboard */,
				E89DC17A1C4E9716005317F0 /* Info.plist */,
				E89DC1691C4E9716005317F0 /* Supporting Files */,
			);
			path = presentViewControllerTest;
			sourceTree = "<group>";
		};
		E89DC1691C4E9716005317F0 /* Supporting Files */ = {
			isa = PBXGroup;
			children = (
				E89DC16A1C4E9716005317F0 /* main.m */,
			);
			name = "Supporting Files";
			sourceTree = "<group>";
		};
/* End PBXGroup section */

/* Begin PBXNativeTarget section */
		E89DC1651C4E9716005317F0 /* presentViewControllerTest */ = {
			isa = PBXNativeTarget;
			buildConfigurationList = E89DC17D1C4E9716005317F0 /* Build configuration list for PBXNativeTarget "presentViewControllerTest" */;
			buildPhases = (
				E89DC1621C4E9716005317F0 /* Sources */,
				E89DC1631C4E9716005317F0 /* Frameworks */,
				E89DC1641C4E9716005317F0 /* Resources */,
			);
			buildRules = (
			);
			dependencies = (
			);
			name = presentViewControllerTest;
			productName = presentViewControllerTest;
			productReference = E89DC1661C4E9716005317F0 /* presentViewControllerTest.app */;
			productType = "com.apple.product-type.application";
		};
/* End PBXNativeTarget section */

/* Begin PBXProject section */
		E89DC15E1C4E9716005317F0 /* Project object */ = {
			isa = PBXProject;
			attributes = {
				LastUpgradeCheck = 0720;
				ORGANIZATIONNAME = fragno;
				TargetAttributes = {
					E89DC1651C4E9716005317F0 = {
						CreatedOnToolsVersion = 7.2;
						DevelopmentTeam = G6QUEP26B9;
					};
				};
			};
			buildConfigurationList = E89DC1611C4E9716005317F0 /* Build configuration list for PBXProject "presentViewControllerTest" */;
			compatibilityVersion = "Xcode 3.2";
			developmentRegion = English;
			hasScannedForEncodings = 0;
			knownRegions = (
				en,
				Base,
			);
			mainGroup = E89DC15D1C4E9716005317F0;
			productRefGroup = E89DC1671C4E9716005317F0 /* Products */;
			projectDirPath = "";
			projectRoot = "";
			targets = (
				E89DC1651C4E9716005317F0 /* presentViewControllerTest */,
			);
		};
/* End PBXProject section */

/* Begin PBXResourcesBuildPhase section */
		E89DC1641C4E9716005317F0 /* Resources */ = {
			isa = PBXResourcesBuildPhase;
			buildActionMask = 2147483647;
			files = (
				E89DC1791C4E9716005317F0 /* LaunchScreen.storyboard in Resources */,
				E89DC1761C4E9716005317F0 /* Assets.xcassets in Resources */,
				E89DC1741C4E9716005317F0 /* Main.storyboard in Resources */,
			);
			runOnlyForDeploymentPostprocessing = 0;
		};
/* End PBXResourcesBuildPhase section */

/* Begin PBXSourcesBuildPhase section */
		E89DC1621C4E9716005317F0 /* Sources */ = {
			isa = PBXSourcesBuildPhase;
			buildActionMask = 2147483647;
			files = (
				E89DC1821C4E9890005317F0 /* ModelViewController.m in Sources */,
				E89DC1851C4E990B005317F0 /* PushViewController.m in Sources */,
				E89DC1711C4E9716005317F0 /* ViewController.m in Sources */,
				E89DC16E1C4E9716005317F0 /* AppDelegate.m in Sources */,
				E89DC16B1C4E9716005317F0 /* main.m in Sources */,
			);
			runOnlyForDeploymentPostprocessing = 0;
		};
/* End PBXSourcesBuildPhase section */

/* Begin PBXVariantGroup section */
		E89DC1721C4E9716005317F0 /* Main.storyboard */ = {
			isa = PBXVariantGroup;
			children = (
				E89DC1731C4E9716005317F0 /* Base */,
			);
			name = Main.storyboard;
			sourceTree = "<group>";
		};
		E89DC1771C4E9716005317F0 /* LaunchScreen.storyboard */ = {
			isa = PBXVariantGroup;
			children = (
				E89DC1781C4E9716005317F0 /* Base */,
			);
			name = LaunchScreen.storyboard;
			sourceTree = "<group>";
		};
/* End PBXVariantGroup section */

/* Begin XCBuildConfiguration section */
		E89DC17B1C4E9716005317F0 /* Debug */ = {
			isa = XCBuildConfiguration;
			buildSettings = {
				ALWAYS_SEARCH_USER_PATHS = NO;
				CLANG_CXX_LANGUAGE_STANDARD = "gnu++0x";
				CLANG_CXX_LIBRARY = "libc++";
				CLANG_ENABLE_MODULES = YES;
				CLANG_ENABLE_OBJC_ARC = YES;
				CLANG_WARN_BOOL_CONVERSION = YES;
				CLANG_WARN_CONSTANT_CONVERSION = YES;
				CLANG_WARN_DIRECT_OBJC_ISA_USAGE = YES_ERROR;
				CLANG_WARN_EMPTY_BODY = YES;
				CLANG_WARN_ENUM_CONVERSION = YES;
				CLANG_WARN_INT_CONVERSION = YES;
				CLANG_WARN_OBJC_ROOT_CLASS = YES_ERROR;
				CLANG_WARN_UNREACHABLE_CODE = YES;
				CLANG_WARN__DUPLICATE_METHOD_MATCH = YES;
				"CODE_SIGN_IDENTITY[sdk=iphoneos*]" = "iPhone Developer";
				COPY_PHASE_STRIP = NO;
				DEBUG_INFORMATION_FORMAT = dwarf;
				ENABLE_STRICT_OBJC_MSGSEND = YES;
				ENABLE_TESTABILITY = YES;
				GCC_C_LANGUAGE_STANDARD = gnu99;
				GCC_DYNAMIC_NO_PIC = NO;
				GCC_NO_COMMON_BLOCKS = YES;
				GCC_OPTIMIZATION_LEVEL = 0;
				GCC_PREPROCESSOR_DEFINITIONS = (
					"DEBUG=1",
					"$(inherited)",
				);
				GCC_WARN_64_TO_32_BIT_CONVERSION = YES;
				GCC_WARN_ABOUT_RETURN_TYPE = YES_ERROR;
				GCC_WARN_UNDECLARED_SELECTOR = YES;
				GCC_WARN_UNINITIALIZED_AUTOS = YES_AGGRESSIVE;
				GCC_WARN_UNUSED_FUNCTION = YES;
				GCC_WARN_UNUSED_VARIABLE = YES;
				IPHONEOS_DEPLOYMENT_TARGET = 9.2;
				MTL_ENABLE_DEBUG_INFO = YES;
				ONLY_ACTIVE_ARCH = YES;
				SDKROOT = iphoneos;
			};
			name = Debug;
		};
		E89DC17C1C4E9716005317F0 /* Release */ = {
			isa = XCBuildConfiguration;
			buildSettings = {
				ALWAYS_SEARCH_USER_PATHS = NO;
				CLANG_CXX_LANGUAGE_STANDARD = "gnu++0x";
				CLANG_CXX_LIBRARY = "libc++";
				CLANG_ENABLE_MODULES = YES;
				CLANG_ENABLE_OBJC_ARC = YES;
				CLANG_WARN_BOOL_CONVERSION = YES;
				CLANG_WARN_CONSTANT_CONVERSION = YES;
				CLANG_WARN_DIRECT_OBJC_ISA_USAGE = YES_ERROR;
				CLANG_WARN_EMPTY_BODY = YES;
				CLANG_WARN_ENUM_CONVERSION = YES;
				CLANG_WARN_INT_CONVERSION = YES;
				CLANG_WARN_OBJC_ROOT_CLASS = YES_ERROR;
				CLANG_WARN_UNREACHABLE_CODE = YES;
				CLANG_WARN__DUPLICATE_METHOD_MATCH = YES;
				"CODE_SIGN_IDENTITY[sdk=iphoneos*]" = "iPhone Developer";
				COPY_PHASE_STRIP = NO;
				DEBUG_INFORMATION_FORMAT = "dwarf-with-dsym";
				ENABLE_NS_ASSERTIONS = NO;
				ENABLE_STRICT_OBJC_MSGSEND = YES;
				GCC_C_LANGUAGE_STANDARD = gnu99;
				GCC_NO_COMMON_BLOCKS = YES;
				GCC_WARN_64_TO_32_BIT_CONVERSION = YES;
				GCC_WARN_ABOUT_RETURN_TYPE = YES_ERROR;
				GCC_WARN_UNDECLARED_SELECTOR = YES;
				GCC_WARN_UNINITIALIZED_AUTOS = YES_AGGRESSIVE;
				GCC_WARN_UNUSED_FUNCTION = YES;
				GCC_WARN_UNUSED_VARIABLE = YES;
				IPHONEOS_DEPLOYMENT_TARGET = 9.2;
				MTL_ENABLE_DEBUG_INFO = NO;
				SDKROOT = iphoneos;
				VALIDATE_PRODUCT = YES;
			};
			name = Release;
		};
		E89DC17E1C4E9716005317F0 /* Debug */ = {
			isa = XCBuildConfiguration;
			buildSettings = {
				ASSETCATALOG_COMPILER_APPICON_NAME = AppIcon;
				INFOPLIST_FILE = presentViewControllerTest/Info.plist;
				LD_RUNPATH_SEARCH_PATHS = "$(inherited) @executable_path/Frameworks";
				PRODUCT_BUNDLE_IDENTIFIER = "com.rookie-nerd.presentViewControllerTest";
				PRODUCT_NAME = "$(TARGET_NAME)";
			};
			name = Debug;
		};
		E89DC17F1C4E9716005317F0 /* Release */ = {
			isa = XCBuildConfiguration;
			buildSettings = {
				ASSETCATALOG_COMPILER_APPICON_NAME = AppIcon;
				INFOPLIST_FILE = presentViewControllerTest/Info.plist;
				LD_RUNPATH_SEARCH_PATHS = "$(inherited) @executable_path/Frameworks";
				PRODUCT_BUNDLE_IDENTIFIER = "com.rookie-nerd.presentViewControllerTest";
				PRODUCT_NAME = "$(TARGET_NAME)";
			};
			name = Release;
		};
/* End XCBuildConfiguration section */

/* Begin XCConfigurationList section */
		E89DC1611C4E9716005317F0 /* Build configuration list for PBXProject "presentViewControllerTest" */ = {
			isa = XCConfigurationList;
			buildConfigurations = (
				E89DC17B1C4E9716005317F0 /* Debug */,
				E89DC17C1C4E9716005317F0 /* Release */,
			);
			defaultConfigurationIsVisible = 0;
			defaultConfigurationName = Release;
		};
		E89DC17D1C4E9716005317F0 /* Build configuration list for PBXNativeTarget "presentViewControllerTest" */ = {
			isa = XCConfigurationList;
			buildConfigurations = (
				E89DC17E1C4E9716005317F0 /* Debug */,
				E89DC17F1C4E9716005317F0 /* Release */,
			);
			defaultConfigurationIsVisible = 0;
		};
/* End XCConfigurationList section */
	};
	rootObject = E89DC15E1C4E9716005317F0 /* Project object */;
}
